
Microsoft Visual Studio Solution File, Format Version 12.00
# Visual Studio 2012
Project("{070BCB52-5A75-4F8C-A973-144AF0EAFCC9}") = "ShareACab", "ShareACab\ShareACab.iceproj", "{35EBC191-580F-40FB-B5E7-9EA98757D167}"
EndProject
Global
	GlobalSection(SolutionConfigurationPlatforms) = preSolution
		Debug|Any CPU = Debug|Any CPU
		Release|Any CPU = Release|Any CPU
	EndGlobalSection
	GlobalSection(ProjectConfigurationPlatforms) = postSolution
		{35EBC191-580F-40FB-B5E7-9EA98757D167}.Debug|Any CPU.ActiveCfg = Debug|Any CPU
		{35EBC191-580F-40FB-B5E7-9EA98757D167}.Debug|Any CPU.Build.0 = Debug|Any CPU
		{35EBC191-580F-40FB-B5E7-9EA98757D167}.Release|Any CPU.ActiveCfg = Release|Any CPU
		{35EBC191-580F-40FB-B5E7-9EA98757D167}.Release|Any CPU.Build.0 = Release|Any CPU
	EndGlobalSection
	GlobalSection(SolutionProperties) = preSolution
		HideSolutionNode = FALSE
	EndGlobalSection
EndGlobal
